
Microsoft Visual Studio Solution File, Format Version 12.00
# Visual Studio Version 16
VisualStudioVersion = 16.0.31613.86
MinimumVisualStudioVersion = 10.0.40219.1
Project("{FAE04EC0-301F-11D3-BF4B-00C04F79EFBC}") = "NestedIfElse", "NestedIfElse\NestedIfElse.csproj", "{92004B06-B3CC-405D-B078-A7F18576D63F}"
EndProject
Global
	GlobalSection(SolutionConfigurationPlatforms) = preSolution
		Debug|Any CPU = Debug|Any CPU
		Release|Any CPU = Release|Any CPU
	EndGlobalSection
	GlobalSection(ProjectConfigurationPlatforms) = postSolution
		{92004B06-B3CC-405D-B078-A7F18576D63F}.Debug|Any CPU.ActiveCfg = Debug|Any CPU
		{92004B06-B3CC-405D-B078-A7F18576D63F}.Debug|Any CPU.Build.0 = Debug|Any CPU
		{92004B06-B3CC-405D-B078-A7F18576D63F}.Release|Any CPU.ActiveCfg = Release|Any CPU
		{92004B06-B3CC-405D-B078-A7F18576D63F}.Release|Any CPU.Build.0 = Release|Any CPU
	EndGlobalSection
	GlobalSection(SolutionProperties) = preSolution
		HideSolutionNode = FALSE
	EndGlobalSection
	GlobalSection(ExtensibilityGlobals) = postSolution
		SolutionGuid = {CB3270AE-E440-4E65-AF0B-B2A52ED96569}
	EndGlobalSection
EndGlobal
